
Microsoft Visual Studio Solution File, Format Version 12.00
# Visual Studio Version 16
VisualStudioVersion = 16.0.30517.126
MinimumVisualStudioVersion = 10.0.40219.1
Project("{FAE04EC0-301F-11D3-BF4B-00C04F79EFBC}") = "ChallengeAPI", "ChallengeAPI.csproj", "{0D966102-1D25-4C47-831F-E6F2206A0FD6}"
EndProject
Global
	GlobalSection(SolutionConfigurationPlatforms) = preSolution
		Debug|Any CPU = Debug|Any CPU
		Release|Any CPU = Release|Any CPU
	EndGlobalSection
	GlobalSection(ProjectConfigurationPlatforms) = postSolution
		{0D966102-1D25-4C47-831F-E6F2206A0FD6}.Debug|Any CPU.ActiveCfg = Debug|Any CPU
		{0D966102-1D25-4C47-831F-E6F2206A0FD6}.Debug|Any CPU.Build.0 = Debug|Any CPU
		{0D966102-1D25-4C47-831F-E6F2206A0FD6}.Release|Any CPU.ActiveCfg = Release|Any CPU
		{0D966102-1D25-4C47-831F-E6F2206A0FD6}.Release|Any CPU.Build.0 = Release|Any CPU
	EndGlobalSection
	GlobalSection(SolutionProperties) = preSolution
		HideSolutionNode = FALSE
	EndGlobalSection
	GlobalSection(ExtensibilityGlobals) = postSolution
		SolutionGuid = {933069D9-EF6F-440C-B7C8-1CBF7C47133B}
	EndGlobalSection
EndGlobal
